
Microsoft Visual Studio Solution File, Format Version 11.00
# Visual Studio 2010
Project("{FAE04EC0-301F-11D3-BF4B-00C04F79EFBC}") = "StrongChess.Model", "StrongChess.Model\StrongChess.Model.csproj", "{4ED0D29E-8F23-4306-B72B-417011B5A6BF}"
EndProject
Project("{FAE04EC0-301F-11D3-BF4B-00C04F79EFBC}") = "StrongChess.Model.Tests", "StrongChess.Model.Tests\StrongChess.Model.Tests.csproj", "{9ECFBB5B-42DB-406A-B6AE-83BA9D9A6A94}"
EndProject
Global
	GlobalSection(TestCaseManagementSettings) = postSolution
		CategoryFile = StrongChess.vsmdi
	EndGlobalSection
	GlobalSection(SolutionConfigurationPlatforms) = preSolution
		Debug|Any CPU = Debug|Any CPU
		Debug|Mixed Platforms = Debug|Mixed Platforms
		Debug|x86 = Debug|x86
		Release|Any CPU = Release|Any CPU
		Release|Mixed Platforms = Release|Mixed Platforms
		Release|x86 = Release|x86
	EndGlobalSection
	GlobalSection(ProjectConfigurationPlatforms) = postSolution
		{4ED0D29E-8F23-4306-B72B-417011B5A6BF}.Debug|Any CPU.ActiveCfg = Debug|Any CPU
		{4ED0D29E-8F23-4306-B72B-417011B5A6BF}.Debug|Any CPU.Build.0 = Debug|Any CPU
		{4ED0D29E-8F23-4306-B72B-417011B5A6BF}.Debug|Mixed Platforms.ActiveCfg = Debug|Any CPU
		{4ED0D29E-8F23-4306-B72B-417011B5A6BF}.Debug|Mixed Platforms.Build.0 = Debug|Any CPU
		{4ED0D29E-8F23-4306-B72B-417011B5A6BF}.Debug|x86.ActiveCfg = Debug|Any CPU
		{4ED0D29E-8F23-4306-B72B-417011B5A6BF}.Release|Any CPU.ActiveCfg = Release|Any CPU
		{4ED0D29E-8F23-4306-B72B-417011B5A6BF}.Release|Any CPU.Build.0 = Release|Any CPU
		{4ED0D29E-8F23-4306-B72B-417011B5A6BF}.Release|Mixed Platforms.ActiveCfg = Release|Any CPU
		{4ED0D29E-8F23-4306-B72B-417011B5A6BF}.Release|Mixed Platforms.Build.0 = Release|Any CPU
		{4ED0D29E-8F23-4306-B72B-417011B5A6BF}.Release|x86.ActiveCfg = Release|Any CPU
		{9ECFBB5B-42DB-406A-B6AE-83BA9D9A6A94}.Debug|Any CPU.ActiveCfg = Debug|Any CPU
		{9ECFBB5B-42DB-406A-B6AE-83BA9D9A6A94}.Debug|Any CPU.Build.0 = Debug|Any CPU
		{9ECFBB5B-42DB-406A-B6AE-83BA9D9A6A94}.Debug|Mixed Platforms.ActiveCfg = Debug|Any CPU
		{9ECFBB5B-42DB-406A-B6AE-83BA9D9A6A94}.Debug|Mixed Platforms.Build.0 = Debug|Any CPU
		{9ECFBB5B-42DB-406A-B6AE-83BA9D9A6A94}.Debug|x86.ActiveCfg = Debug|Any CPU
		{9ECFBB5B-42DB-406A-B6AE-83BA9D9A6A94}.Release|Any CPU.ActiveCfg = Release|Any CPU
		{9ECFBB5B-42DB-406A-B6AE-83BA9D9A6A94}.Release|Any CPU.Build.0 = Release|Any CPU
		{9ECFBB5B-42DB-406A-B6AE-83BA9D9A6A94}.Release|Mixed Platforms.ActiveCfg = Release|Any CPU
		{9ECFBB5B-42DB-406A-B6AE-83BA9D9A6A94}.Release|Mixed Platforms.Build.0 = Release|Any CPU
		{9ECFBB5B-42DB-406A-B6AE-83BA9D9A6A94}.Release|x86.ActiveCfg = Release|Any CPU
	EndGlobalSection
	GlobalSection(SolutionProperties) = preSolution
		HideSolutionNode = FALSE
	EndGlobalSection
EndGlobal
